
Microsoft Visual Studio Solution File, Format Version 12.00
# Visual Studio 2012
Project("{FAE04EC0-301F-11D3-BF4B-00C04F79EFBC}") = "TDS_MetaSolve", "TDS_MetaSolve.csproj", "{B390D9A3-8244-49BC-8297-A3683997F7AC}"
EndProject
Project("{FAE04EC0-301F-11D3-BF4B-00C04F79EFBC}") = "TDS_SOE", "TDS_SOE\TDS_SOE.csproj", "{7E08C38B-748F-4B2B-A76D-86B726060B02}"
EndProject
Project("{FAE04EC0-301F-11D3-BF4B-00C04F79EFBC}") = "TDS_RightClickTool", "TDS_RightClickTool\TDS_RightClickTool.csproj", "{2EEEE7C8-8E9A-4700-A245-1338BA648DBD}"
EndProject
Global
	GlobalSection(SolutionConfigurationPlatforms) = preSolution
		Debug|Any CPU = Debug|Any CPU
		Release|Any CPU = Release|Any CPU
	EndGlobalSection
	GlobalSection(ProjectConfigurationPlatforms) = postSolution
		{B390D9A3-8244-49BC-8297-A3683997F7AC}.Debug|Any CPU.ActiveCfg = Debug|Any CPU
		{B390D9A3-8244-49BC-8297-A3683997F7AC}.Debug|Any CPU.Build.0 = Debug|Any CPU
		{B390D9A3-8244-49BC-8297-A3683997F7AC}.Release|Any CPU.ActiveCfg = Release|Any CPU
		{B390D9A3-8244-49BC-8297-A3683997F7AC}.Release|Any CPU.Build.0 = Release|Any CPU
		{7E08C38B-748F-4B2B-A76D-86B726060B02}.Debug|Any CPU.ActiveCfg = Debug|Any CPU
		{7E08C38B-748F-4B2B-A76D-86B726060B02}.Debug|Any CPU.Build.0 = Debug|Any CPU
		{7E08C38B-748F-4B2B-A76D-86B726060B02}.Release|Any CPU.ActiveCfg = Release|Any CPU
		{7E08C38B-748F-4B2B-A76D-86B726060B02}.Release|Any CPU.Build.0 = Release|Any CPU
		{2EEEE7C8-8E9A-4700-A245-1338BA648DBD}.Debug|Any CPU.ActiveCfg = Debug|Any CPU
		{2EEEE7C8-8E9A-4700-A245-1338BA648DBD}.Debug|Any CPU.Build.0 = Debug|Any CPU
		{2EEEE7C8-8E9A-4700-A245-1338BA648DBD}.Release|Any CPU.ActiveCfg = Release|Any CPU
		{2EEEE7C8-8E9A-4700-A245-1338BA648DBD}.Release|Any CPU.Build.0 = Release|Any CPU
	EndGlobalSection
	GlobalSection(SolutionProperties) = preSolution
		HideSolutionNode = FALSE
	EndGlobalSection
EndGlobal
